
Microsoft Visual Studio Solution File, Format Version 12.00
# Visual Studio Version 16
VisualStudioVersion = 16.0.30413.136
MinimumVisualStudioVersion = 10.0.40219.1
Project("{9A19103F-16F7-4668-BE54-9A1E7A4F7556}") = "CustomGenerics", "CustomGenerics.csproj", "{CA41014C-5A13-4659-9E11-C2FCE92B578A}"
EndProject
Project("{9A19103F-16F7-4668-BE54-9A1E7A4F7556}") = "IntegerTree", "..\IntegerTree\IntegerTree.csproj", "{388A1D24-7BE4-4EB9-8A03-6E5E7911091E}"
EndProject
Project("{9A19103F-16F7-4668-BE54-9A1E7A4F7556}") = "API", "..\API\API.csproj", "{9DFF567F-3AF1-4A65-ADFE-44AE3EB807C2}"
EndProject
Global
	GlobalSection(SolutionConfigurationPlatforms) = preSolution
		Debug|Any CPU = Debug|Any CPU
		Release|Any CPU = Release|Any CPU
	EndGlobalSection
	GlobalSection(ProjectConfigurationPlatforms) = postSolution
		{CA41014C-5A13-4659-9E11-C2FCE92B578A}.Debug|Any CPU.ActiveCfg = Debug|Any CPU
		{CA41014C-5A13-4659-9E11-C2FCE92B578A}.Debug|Any CPU.Build.0 = Debug|Any CPU
		{CA41014C-5A13-4659-9E11-C2FCE92B578A}.Release|Any CPU.ActiveCfg = Release|Any CPU
		{CA41014C-5A13-4659-9E11-C2FCE92B578A}.Release|Any CPU.Build.0 = Release|Any CPU
		{388A1D24-7BE4-4EB9-8A03-6E5E7911091E}.Debug|Any CPU.ActiveCfg = Debug|Any CPU
		{388A1D24-7BE4-4EB9-8A03-6E5E7911091E}.Debug|Any CPU.Build.0 = Debug|Any CPU
		{388A1D24-7BE4-4EB9-8A03-6E5E7911091E}.Release|Any CPU.ActiveCfg = Release|Any CPU
		{388A1D24-7BE4-4EB9-8A03-6E5E7911091E}.Release|Any CPU.Build.0 = Release|Any CPU
		{9DFF567F-3AF1-4A65-ADFE-44AE3EB807C2}.Debug|Any CPU.ActiveCfg = Debug|Any CPU
		{9DFF567F-3AF1-4A65-ADFE-44AE3EB807C2}.Debug|Any CPU.Build.0 = Debug|Any CPU
		{9DFF567F-3AF1-4A65-ADFE-44AE3EB807C2}.Release|Any CPU.ActiveCfg = Release|Any CPU
		{9DFF567F-3AF1-4A65-ADFE-44AE3EB807C2}.Release|Any CPU.Build.0 = Release|Any CPU
	EndGlobalSection
	GlobalSection(SolutionProperties) = preSolution
		HideSolutionNode = FALSE
	EndGlobalSection
	GlobalSection(ExtensibilityGlobals) = postSolution
		SolutionGuid = {03909046-B184-4E9B-A5F1-9A84CB82A2FB}
	EndGlobalSection
EndGlobal
